// !$*UTF8*$!
{
	archiveVersion = 1;
	classes = {
	};
	objectVersion = 50;
	objects = {

/* Begin PBXBuildFile section */
		DEDE5E6426AF663100A8504C /* AppDelegate.swift in Sources */ = {isa = PBXBuildFile; fileRef = DEDE5E6326AF663100A8504C /* AppDelegate.swift */; };
		DEDE5E6626AF663100A8504C /* SceneDelegate.swift in Sources */ = {isa = PBXBuildFile; fileRef = DEDE5E6526AF663100A8504C /* SceneDelegate.swift */; };
		DEDE5E6826AF663100A8504C /* ViewController.swift in Sources */ = {isa = PBXBuildFile; fileRef = DEDE5E6726AF663100A8504C /* ViewController.swift */; };
		DEDE5E6B26AF663100A8504C /* Main.storyboard in Resources */ = {isa = PBXBuildFile; fileRef = DEDE5E6926AF663100A8504C /* Main.storyboard */; };
		DEDE5E6D26AF663400A8504C /* Assets.xcassets in Resources */ = {isa = PBXBuildFile; fileRef = DEDE5E6C26AF663400A8504C /* Assets.xcassets */; };
		DEDE5E7026AF663400A8504C /* LaunchScreen.storyboard in Resources */ = {isa = PBXBuildFile; fileRef = DEDE5E6E26AF663400A8504C /* LaunchScreen.storyboard */; };
/* End PBXBuildFile section */

/* Begin PBXFileReference section */
		DEDE5E6026AF663100A8504C /* okadai_Kadai5.app */ = {isa = PBXFileReference; explicitFileType = wrapper.application; includeInIndex = 0; path = okadai_Kadai5.app; sourceTree = BUILT_PRODUCTS_DIR; };
		DEDE5E6326AF663100A8504C /* AppDelegate.swift */ = {isa = PBXFileReference; lastKnownFileType = sourcecode.swift; path = AppDelegate.swift; sourceTree = "<group>"; };
		DEDE5E6526AF663100A8504C /* SceneDelegate.swift */ = {isa = PBXFileReference; lastKnownFileType = sourcecode.swift; path = SceneDelegate.swift; sourceTree = "<group>"; };
		DEDE5E6726AF663100A8504C /* ViewController.swift */ = {isa = PBXFileReference; lastKnownFileType = sourcecode.swift; path = ViewController.swift; sourceTree = "<group>"; };
		DEDE5E6A26AF663100A8504C /* Base */ = {isa = PBXFileReference; lastKnownFileType = file.storyboard; name = Base; path = Base.lproj/Main.storyboard; sourceTree = "<group>"; };
		DEDE5E6C26AF663400A8504C /* Assets.xcassets */ = {isa = PBXFileReference; lastKnownFileType = folder.assetcatalog; path = Assets.xcassets; sourceTree = "<group>"; };
		DEDE5E6F26AF663400A8504C /* Base */ = {isa = PBXFileReference; lastKnownFileType = file.storyboard; name = Base; path = Base.lproj/LaunchScreen.storyboard; sourceTree = "<group>"; };
		DEDE5E7126AF663400A8504C /* Info.plist */ = {isa = PBXFileReference; lastKnownFileType = text.plist.xml; path = Info.plist; sourceTree = "<group>"; };
/* End PBXFileReference section */

/* Begin PBXFrameworksBuildPhase section */
		DEDE5E5D26AF663100A8504C /* Frameworks */ = {
			isa = PBXFrameworksBuildPhase;
			buildActionMask = 2147483647;
			files = (
			);
			runOnlyForDeploymentPostprocessing = 0;
		};
/* End PBXFrameworksBuildPhase section */

/* Begin PBXGroup section */
		DEDE5E5726AF663000A8504C = {
			isa = PBXGroup;
			children = (
				DEDE5E6226AF663100A8504C /* okadai_Kadai5 */,
				DEDE5E6126AF663100A8504C /* Products */,
			);
			sourceTree = "<group>";
		};
		DEDE5E6126AF663100A8504C /* Products */ = {
			isa = PBXGroup;
			children = (
				DEDE5E6026AF663100A8504C /* okadai_Kadai5.app */,
			);
			name = Products;
			sourceTree = "<group>";
		};
		DEDE5E6226AF663100A8504C /* okadai_Kadai5 */ = {
			isa = PBXGroup;
			children = (
				DEDE5E6326AF663100A8504C /* AppDelegate.swift */,
				DEDE5E6526AF663100A8504C /* SceneDelegate.swift */,
				DEDE5E6726AF663100A8504C /* ViewController.swift */,
				DEDE5E6926AF663100A8504C /* Main.storyboard */,
				DEDE5E6C26AF663400A8504C /* Assets.xcassets */,
				DEDE5E6E26AF663400A8504C /* LaunchScreen.storyboard */,
				DEDE5E7126AF663400A8504C /* Info.plist */,
			);
			path = okadai_Kadai5;
			sourceTree = "<group>";
		};
/* End PBXGroup section */

/* Begin PBXNativeTarget section */
		DEDE5E5F26AF663100A8504C /* okadai_Kadai5 */ = {
			isa = PBXNativeTarget;
			buildConfigurationList = DEDE5E7426AF663400A8504C /* Build configuration list for PBXNativeTarget "okadai_Kadai5" */;
			buildPhases = (
				DEDE5E5C26AF663100A8504C /* Sources */,
				DEDE5E5D26AF663100A8504C /* Frameworks */,
				DEDE5E5E26AF663100A8504C /* Resources */,
			);
			buildRules = (
			);
			dependencies = (
			);
			name = okadai_Kadai5;
			productName = okadai_Kadai5;
			productReference = DEDE5E6026AF663100A8504C /* okadai_Kadai5.app */;
			productType = "com.apple.product-type.application";
		};
/* End PBXNativeTarget section */

/* Begin PBXProject section */
		DEDE5E5826AF663000A8504C /* Project object */ = {
			isa = PBXProject;
			attributes = {
				LastSwiftUpdateCheck = 1250;
				LastUpgradeCheck = 1250;
				TargetAttributes = {
					DEDE5E5F26AF663100A8504C = {
						CreatedOnToolsVersion = 12.5.1;
					};
				};
			};
			buildConfigurationList = DEDE5E5B26AF663000A8504C /* Build configuration list for PBXProject "okadai_Kadai5" */;
			compatibilityVersion = "Xcode 9.3";
			developmentRegion = en;
			hasScannedForEncodings = 0;
			knownRegions = (
				en,
				Base,
			);
			mainGroup = DEDE5E5726AF663000A8504C;
			productRefGroup = DEDE5E6126AF663100A8504C /* Products */;
			projectDirPath = "";
			projectRoot = "";
			targets = (
				DEDE5E5F26AF663100A8504C /* okadai_Kadai5 */,
			);
		};
/* End PBXProject section */

/* Begin PBXResourcesBuildPhase section */
		DEDE5E5E26AF663100A8504C /* Resources */ = {
			isa = PBXResourcesBuildPhase;
			buildActionMask = 2147483647;
			files = (
				DEDE5E7026AF663400A8504C /* LaunchScreen.storyboard in Resources */,
				DEDE5E6D26AF663400A8504C /* Assets.xcassets in Resources */,
				DEDE5E6B26AF663100A8504C /* Main.storyboard in Resources */,
			);
			runOnlyForDeploymentPostprocessing = 0;
		};
/* End PBXResourcesBuildPhase section */

/* Begin PBXSourcesBuildPhase section */
		DEDE5E5C26AF663100A8504C /* Sources */ = {
			isa = PBXSourcesBuildPhase;
			buildActionMask = 2147483647;
			files = (
				DEDE5E6826AF663100A8504C /* ViewController.swift in Sources */,
				DEDE5E6426AF663100A8504C /* AppDelegate.swift in Sources */,
				DEDE5E6626AF663100A8504C /* SceneDelegate.swift in Sources */,
			);
			runOnlyForDeploymentPostprocessing = 0;
		};
/* End PBXSourcesBuildPhase section */

/* Begin PBXVariantGroup section */
		DEDE5E6926AF663100A8504C /* Main.storyboard */ = {
			isa = PBXVariantGroup;
			children = (
				DEDE5E6A26AF663100A8504C /* Base */,
			);
			name = Main.storyboard;
			sourceTree = "<group>";
		};
		DEDE5E6E26AF663400A8504C /* LaunchScreen.storyboard */ = {
			isa = PBXVariantGroup;
			children = (
				DEDE5E6F26AF663400A8504C /* Base */,
			);
			name = LaunchScreen.storyboard;
			sourceTree = "<group>";
		};
/* End PBXVariantGroup section */

/* Begin XCBuildConfiguration section */
		DEDE5E7226AF663400A8504C /* Debug */ = {
			isa = XCBuildConfiguration;
			buildSettings = {
				ALWAYS_SEARCH_USER_PATHS = NO;
				CLANG_ANALYZER_NONNULL = YES;
				CLANG_ANALYZER_NUMBER_OBJECT_CONVERSION = YES_AGGRESSIVE;
				CLANG_CXX_LANGUAGE_STANDARD = "gnu++14";
				CLANG_CXX_LIBRARY = "libc++";
				CLANG_ENABLE_MODULES = YES;
				CLANG_ENABLE_OBJC_ARC = YES;
				CLANG_ENABLE_OBJC_WEAK = YES;
				CLANG_WARN_BLOCK_CAPTURE_AUTORELEASING = YES;
				CLANG_WARN_BOOL_CONVERSION = YES;
				CLANG_WARN_COMMA = YES;
				CLANG_WARN_CONSTANT_CONVERSION = YES;
				CLANG_WARN_DEPRECATED_OBJC_IMPLEMENTATIONS = YES;
				CLANG_WARN_DIRECT_OBJC_ISA_USAGE = YES_ERROR;
				CLANG_WARN_DOCUMENTATION_COMMENTS = YES;
				CLANG_WARN_EMPTY_BODY = YES;
				CLANG_WARN_ENUM_CONVERSION = YES;
				CLANG_WARN_INFINITE_RECURSION = YES;
				CLANG_WARN_INT_CONVERSION = YES;
				CLANG_WARN_NON_LITERAL_NULL_CONVERSION = YES;
				CLANG_WARN_OBJC_IMPLICIT_RETAIN_SELF = YES;
				CLANG_WARN_OBJC_LITERAL_CONVERSION = YES;
				CLANG_WARN_OBJC_ROOT_CLASS = YES_ERROR;
				CLANG_WARN_QUOTED_INCLUDE_IN_FRAMEWORK_HEADER = YES;
				CLANG_WARN_RANGE_LOOP_ANALYSIS = YES;
				CLANG_WARN_STRICT_PROTOTYPES = YES;
				CLANG_WARN_SUSPICIOUS_MOVE = YES;
				CLANG_WARN_UNGUARDED_AVAILABILITY = YES_AGGRESSIVE;
				CLANG_WARN_UNREACHABLE_CODE = YES;
				CLANG_WARN__DUPLICATE_METHOD_MATCH = YES;
				COPY_PHASE_STRIP = NO;
				DEBUG_INFORMATION_FORMAT = dwarf;
				ENABLE_STRICT_OBJC_MSGSEND = YES;
				ENABLE_TESTABILITY = YES;
				GCC_C_LANGUAGE_STANDARD = gnu11;
				GCC_DYNAMIC_NO_PIC = NO;
				GCC_NO_COMMON_BLOCKS = YES;
				GCC_OPTIMIZATION_LEVEL = 0;
				GCC_PREPROCESSOR_DEFINITIONS = (
					"DEBUG=1",
					"$(inherited)",
				);
				GCC_WARN_64_TO_32_BIT_CONVERSION = YES;
				GCC_WARN_ABOUT_RETURN_TYPE = YES_ERROR;
				GCC_WARN_UNDECLARED_SELECTOR = YES;
				GCC_WARN_UNINITIALIZED_AUTOS = YES_AGGRESSIVE;
				GCC_WARN_UNUSED_FUNCTION = YES;
				GCC_WARN_UNUSED_VARIABLE = YES;
				IPHONEOS_DEPLOYMENT_TARGET = 14.5;
				MTL_ENABLE_DEBUG_INFO = INCLUDE_SOURCE;
				MTL_FAST_MATH = YES;
				ONLY_ACTIVE_ARCH = YES;
				SDKROOT = iphoneos;
				SWIFT_ACTIVE_COMPILATION_CONDITIONS = DEBUG;
				SWIFT_OPTIMIZATION_LEVEL = "-Onone";
			};
			name = Debug;
		};
		DEDE5E7326AF663400A8504C /* Release */ = {
			isa = XCBuildConfiguration;
			buildSettings = {
				ALWAYS_SEARCH_USER_PATHS = NO;
				CLANG_ANALYZER_NONNULL = YES;
				CLANG_ANALYZER_NUMBER_OBJECT_CONVERSION = YES_AGGRESSIVE;
				CLANG_CXX_LANGUAGE_STANDARD = "gnu++14";
				CLANG_CXX_LIBRARY = "libc++";
				CLANG_ENABLE_MODULES = YES;
				CLANG_ENABLE_OBJC_ARC = YES;
				CLANG_ENABLE_OBJC_WEAK = YES;
				CLANG_WARN_BLOCK_CAPTURE_AUTORELEASING = YES;
				CLANG_WARN_BOOL_CONVERSION = YES;
				CLANG_WARN_COMMA = YES;
				CLANG_WARN_CONSTANT_CONVERSION = YES;
				CLANG_WARN_DEPRECATED_OBJC_IMPLEMENTATIONS = YES;
				CLANG_WARN_DIRECT_OBJC_ISA_USAGE = YES_ERROR;
				CLANG_WARN_DOCUMENTATION_COMMENTS = YES;
				CLANG_WARN_EMPTY_BODY = YES;
				CLANG_WARN_ENUM_CONVERSION = YES;
				CLANG_WARN_INFINITE_RECURSION = YES;
				CLANG_WARN_INT_CONVERSION = YES;
				CLANG_WARN_NON_LITERAL_NULL_CONVERSION = YES;
				CLANG_WARN_OBJC_IMPLICIT_RETAIN_SELF = YES;
				CLANG_WARN_OBJC_LITERAL_CONVERSION = YES;
				CLANG_WARN_OBJC_ROOT_CLASS = YES_ERROR;
				CLANG_WARN_QUOTED_INCLUDE_IN_FRAMEWORK_HEADER = YES;
				CLANG_WARN_RANGE_LOOP_ANALYSIS = YES;
				CLANG_WARN_STRICT_PROTOTYPES = YES;
				CLANG_WARN_SUSPICIOUS_MOVE = YES;
				CLANG_WARN_UNGUARDED_AVAILABILITY = YES_AGGRESSIVE;
				CLANG_WARN_UNREACHABLE_CODE = YES;
				CLANG_WARN__DUPLICATE_METHOD_MATCH = YES;
				COPY_PHASE_STRIP = NO;
				DEBUG_INFORMATION_FORMAT = "dwarf-with-dsym";
				ENABLE_NS_ASSERTIONS = NO;
				ENABLE_STRICT_OBJC_MSGSEND = YES;
				GCC_C_LANGUAGE_STANDARD = gnu11;
				GCC_NO_COMMON_BLOCKS = YES;
				GCC_WARN_64_TO_32_BIT_CONVERSION = YES;
				GCC_WARN_ABOUT_RETURN_TYPE = YES_ERROR;
				GCC_WARN_UNDECLARED_SELECTOR = YES;
				GCC_WARN_UNINITIALIZED_AUTOS = YES_AGGRESSIVE;
				GCC_WARN_UNUSED_FUNCTION = YES;
				GCC_WARN_UNUSED_VARIABLE = YES;
				IPHONEOS_DEPLOYMENT_TARGET = 14.5;
				MTL_ENABLE_DEBUG_INFO = NO;
				MTL_FAST_MATH = YES;
				SDKROOT = iphoneos;
				SWIFT_COMPILATION_MODE = wholemodule;
				SWIFT_OPTIMIZATION_LEVEL = "-O";
				VALIDATE_PRODUCT = YES;
			};
			name = Release;
		};
		DEDE5E7526AF663400A8504C /* Debug */ = {
			isa = XCBuildConfiguration;
			buildSettings = {
				ASSETCATALOG_COMPILER_APPICON_NAME = AppIcon;
				ASSETCATALOG_COMPILER_GLOBAL_ACCENT_COLOR_NAME = AccentColor;
				CODE_SIGN_STYLE = Automatic;
				INFOPLIST_FILE = okadai_Kadai5/Info.plist;
				LD_RUNPATH_SEARCH_PATHS = (
					"$(inherited)",
					"@executable_path/Frameworks",
				);
				PRODUCT_BUNDLE_IDENTIFIER = "com.okadai.okadai-Kadai5";
				PRODUCT_NAME = "$(TARGET_NAME)";
				SWIFT_VERSION = 5.0;
				TARGETED_DEVICE_FAMILY = "1,2";
			};
			name = Debug;
		};
		DEDE5E7626AF663400A8504C /* Release */ = {
			isa = XCBuildConfiguration;
			buildSettings = {
				ASSETCATALOG_COMPILER_APPICON_NAME = AppIcon;
				ASSETCATALOG_COMPILER_GLOBAL_ACCENT_COLOR_NAME = AccentColor;
				CODE_SIGN_STYLE = Automatic;
				INFOPLIST_FILE = okadai_Kadai5/Info.plist;
				LD_RUNPATH_SEARCH_PATHS = (
					"$(inherited)",
					"@executable_path/Frameworks",
				);
				PRODUCT_BUNDLE_IDENTIFIER = "com.okadai.okadai-Kadai5";
				PRODUCT_NAME = "$(TARGET_NAME)";
				SWIFT_VERSION = 5.0;
				TARGETED_DEVICE_FAMILY = "1,2";
			};
			name = Release;
		};
/* End XCBuildConfiguration section */

/* Begin XCConfigurationList section */
		DEDE5E5B26AF663000A8504C /* Build configuration list for PBXProject "okadai_Kadai5" */ = {
			isa = XCConfigurationList;
			buildConfigurations = (
				DEDE5E7226AF663400A8504C /* Debug */,
				DEDE5E7326AF663400A8504C /* Release */,
			);
			defaultConfigurationIsVisible = 0;
			defaultConfigurationName = Release;
		};
		DEDE5E7426AF663400A8504C /* Build configuration list for PBXNativeTarget "okadai_Kadai5" */ = {
			isa = XCConfigurationList;
			buildConfigurations = (
				DEDE5E7526AF663400A8504C /* Debug */,
				DEDE5E7626AF663400A8504C /* Release */,
			);
			defaultConfigurationIsVisible = 0;
			defaultConfigurationName = Release;
		};
/* End XCConfigurationList section */
	};
	rootObject = DEDE5E5826AF663000A8504C /* Project object */;
}
